
Microsoft Visual Studio Solution File, Format Version 12.00
# Visual Studio Version 17
VisualStudioVersion = 17.8.34511.84
MinimumVisualStudioVersion = 10.0.40219.1
Project("{FAE04EC0-301F-11D3-BF4B-00C04F79EFBC}") = "Assignment-2", "Assignment-2\Assignment-2.csproj", "{37EE5B75-4907-4060-9617-607EF78CEABA}"
EndProject
Global
	GlobalSection(SolutionConfigurationPlatforms) = preSolution
		Debug|Any CPU = Debug|Any CPU
		Release|Any CPU = Release|Any CPU
	EndGlobalSection
	GlobalSection(ProjectConfigurationPlatforms) = postSolution
		{37EE5B75-4907-4060-9617-607EF78CEABA}.Debug|Any CPU.ActiveCfg = Debug|Any CPU
		{37EE5B75-4907-4060-9617-607EF78CEABA}.Debug|Any CPU.Build.0 = Debug|Any CPU
		{37EE5B75-4907-4060-9617-607EF78CEABA}.Release|Any CPU.ActiveCfg = Release|Any CPU
		{37EE5B75-4907-4060-9617-607EF78CEABA}.Release|Any CPU.Build.0 = Release|Any CPU
	EndGlobalSection
	GlobalSection(SolutionProperties) = preSolution
		HideSolutionNode = FALSE
	EndGlobalSection
	GlobalSection(ExtensibilityGlobals) = postSolution
		SolutionGuid = {A0CBF5C9-BAD5-4BE6-952F-8887389C3BF3}
	EndGlobalSection
EndGlobal
